
Microsoft Visual Studio Solution File, Format Version 12.00
# Visual Studio Express 2012 for Windows Desktop
Project("{FAE04EC0-301F-11D3-BF4B-00C04F79EFBC}") = "Prvi zadatak - I level", "Prvi zadatak - I level\Prvi zadatak - I level.csproj", "{B52C13E2-2C8E-4FF7-B4EC-5B7FD0855C6F}"
EndProject
Project("{FAE04EC0-301F-11D3-BF4B-00C04F79EFBC}") = "Code", "..\Code\Code\Code.csproj", "{7925944B-1484-4077-81FC-CB0710AE11D5}"
EndProject
Global
	GlobalSection(SolutionConfigurationPlatforms) = preSolution
		Debug|Any CPU = Debug|Any CPU
		Release|Any CPU = Release|Any CPU
	EndGlobalSection
	GlobalSection(ProjectConfigurationPlatforms) = postSolution
		{B52C13E2-2C8E-4FF7-B4EC-5B7FD0855C6F}.Debug|Any CPU.ActiveCfg = Debug|Any CPU
		{B52C13E2-2C8E-4FF7-B4EC-5B7FD0855C6F}.Debug|Any CPU.Build.0 = Debug|Any CPU
		{B52C13E2-2C8E-4FF7-B4EC-5B7FD0855C6F}.Release|Any CPU.ActiveCfg = Release|Any CPU
		{B52C13E2-2C8E-4FF7-B4EC-5B7FD0855C6F}.Release|Any CPU.Build.0 = Release|Any CPU
		{7925944B-1484-4077-81FC-CB0710AE11D5}.Debug|Any CPU.ActiveCfg = Debug|Any CPU
		{7925944B-1484-4077-81FC-CB0710AE11D5}.Debug|Any CPU.Build.0 = Debug|Any CPU
		{7925944B-1484-4077-81FC-CB0710AE11D5}.Release|Any CPU.ActiveCfg = Release|Any CPU
		{7925944B-1484-4077-81FC-CB0710AE11D5}.Release|Any CPU.Build.0 = Release|Any CPU
	EndGlobalSection
	GlobalSection(SolutionProperties) = preSolution
		HideSolutionNode = FALSE
	EndGlobalSection
EndGlobal
